Microsoft Visual Studio Solution File, Format Version 11.00
# Visual Studio 2010
Project("{2150E333-8FDC-42A3-9474-1A3956D46DE8}") = "Solution Items", "Solution Items", "{D812F799-E78F-4778-84B3-C70E6E14735A}"
	ProjectSection(SolutionItems) = preProject
		Local.testsettings = Local.testsettings
		org.codegen.lib.csharp.3.0.vsmdi = org.codegen.lib.csharp.3.0.vsmdi
		regCom.bat = regCom.bat
		TraceAndTestImpact.testsettings = TraceAndTestImpact.testsettings
	EndProjectSection
EndProject
Project("{F184B08F-C81C-45F6-A57F-5ABD9991F28F}") = "org.codegen.dotnet", "org.codegen.dotnet\org.codegen.dotnet.vbproj", "{C64224BB-B4A8-439D-9413-01545789D31E}"
EndProject
Project("{F184B08F-C81C-45F6-A57F-5ABD9991F28F}") = "org.codegen.common", "org.codegen.common\org.codegen.common.vbproj", "{C367EAE9-FDEA-468D-9A91-C5075F927D39}"
EndProject
Project("{F184B08F-C81C-45F6-A57F-5ABD9991F28F}") = "org.codegen.lib.codeGen", "org.codegen.lib.codeGen\org.codegen.lib.codeGen.vbproj", "{EC0BEE2D-5CA9-478C-B5C7-0270FB49207F}"
EndProject
Project("{F184B08F-C81C-45F6-A57F-5ABD9991F28F}") = "org.model.lib.db", "org.codegen.lib.db\org.model.lib.db.vbproj", "{C744D17D-3132-4365-8C44-9D295D942597}"
EndProject
Project("{F184B08F-C81C-45F6-A57F-5ABD9991F28F}") = "org.model.lib", "org.codegen.lib\org.model.lib.vbproj", "{BF9890A4-769A-406D-9AD0-0D9F5A7376A0}"
EndProject
Project("{F184B08F-C81C-45F6-A57F-5ABD9991F28F}") = "ModelLibTestsWinApp", "ModelLibTestsWinApp\ModelLibTestsWinApp.vbproj", "{C74737DF-2306-4605-9D15-C4BF4ED6788C}"
EndProject
Project("{F184B08F-C81C-45F6-A57F-5ABD9991F28F}") = "org.codegen.win.controls", "org.codegen.win.controls\org.codegen.win.controls.vbproj", "{32D6AC6F-ED2F-4210-A3E8-359BE2F9F5C2}"
EndProject
Project("{F184B08F-C81C-45F6-A57F-5ABD9991F28F}") = "org.codegen.codeGen.Win", "org.codegen.codeGen.Win\org.codegen.codeGen.Win.vbproj", "{C042F97C-0904-46AB-B37C-51AC6A5BA5F2}"
EndProject
Project("{FAE04EC0-301F-11D3-BF4B-00C04F79EFBC}") = "ModelLibCSharpGeneratedCode", "ModelLibCSharpGeneratedCode\ModelLibCSharpGeneratedCode.csproj", "{BC8EB514-1139-458E-8AD9-B8D674845C60}"
EndProject
Project("{F184B08F-C81C-45F6-A57F-5ABD9991F28F}") = "ModelLibVBGeneratedCode", "ModelLibTestsVisualBasicGeneratedCode\ModelLibVBGeneratedCode.vbproj", "{1B56DDD9-DF71-49B7-A97E-E65C0185781C}"
EndProject
Project("{FAE04EC0-301F-11D3-BF4B-00C04F79EFBC}") = "GeneratorTests", "GeneratorTests\GeneratorTests.csproj", "{12D3D3B3-4176-4FA8-BA6E-502FFF896341}"
EndProject
Global
	GlobalSection(SubversionScc) = preSolution
		Svn-Managed = True
		Manager = AnkhSVN - Subversion Support for Visual Studio
	EndGlobalSection
	GlobalSection(TestCaseManagementSettings) = postSolution
		CategoryFile = org.codegen.lib.csharp.3.0.vsmdi
	EndGlobalSection
	GlobalSection(SolutionConfigurationPlatforms) = preSolution
		Debug|Any CPU = Debug|Any CPU
		Debug|Mixed Platforms = Debug|Mixed Platforms
		Debug|x86 = Debug|x86
		Release|Any CPU = Release|Any CPU
		Release|Mixed Platforms = Release|Mixed Platforms
		Release|x86 = Release|x86
	EndGlobalSection
	GlobalSection(ProjectConfigurationPlatforms) = postSolution
		{C64224BB-B4A8-439D-9413-01545789D31E}.Debug|Any CPU.ActiveCfg = Debug|Any CPU
		{C64224BB-B4A8-439D-9413-01545789D31E}.Debug|Any CPU.Build.0 = Debug|Any CPU
		{C64224BB-B4A8-439D-9413-01545789D31E}.Debug|Mixed Platforms.ActiveCfg = Debug|Any CPU
		{C64224BB-B4A8-439D-9413-01545789D31E}.Debug|Mixed Platforms.Build.0 = Debug|Any CPU
		{C64224BB-B4A8-439D-9413-01545789D31E}.Debug|x86.ActiveCfg = Debug|Any CPU
		{C64224BB-B4A8-439D-9413-01545789D31E}.Debug|x86.Build.0 = Debug|Any CPU
		{C64224BB-B4A8-439D-9413-01545789D31E}.Release|Any CPU.ActiveCfg = Release|Any CPU
		{C64224BB-B4A8-439D-9413-01545789D31E}.Release|Any CPU.Build.0 = Release|Any CPU
		{C64224BB-B4A8-439D-9413-01545789D31E}.Release|Mixed Platforms.ActiveCfg = Release|Any CPU
		{C64224BB-B4A8-439D-9413-01545789D31E}.Release|Mixed Platforms.Build.0 = Release|Any CPU
		{C64224BB-B4A8-439D-9413-01545789D31E}.Release|x86.ActiveCfg = Release|Any CPU
		{C367EAE9-FDEA-468D-9A91-C5075F927D39}.Debug|Any CPU.ActiveCfg = Debug|Any CPU
		{C367EAE9-FDEA-468D-9A91-C5075F927D39}.Debug|Any CPU.Build.0 = Debug|Any CPU
		{C367EAE9-FDEA-468D-9A91-C5075F927D39}.Debug|Mixed Platforms.ActiveCfg = Debug|Any CPU
		{C367EAE9-FDEA-468D-9A91-C5075F927D39}.Debug|Mixed Platforms.Build.0 = Debug|Any CPU
		{C367EAE9-FDEA-468D-9A91-C5075F927D39}.Debug|x86.ActiveCfg = Debug|Any CPU
		{C367EAE9-FDEA-468D-9A91-C5075F927D39}.Debug|x86.Build.0 = Debug|Any CPU
		{C367EAE9-FDEA-468D-9A91-C5075F927D39}.Release|Any CPU.ActiveCfg = Release|Any CPU
		{C367EAE9-FDEA-468D-9A91-C5075F927D39}.Release|Any CPU.Build.0 = Release|Any CPU
		{C367EAE9-FDEA-468D-9A91-C5075F927D39}.Release|Mixed Platforms.ActiveCfg = Release|Any CPU
		{C367EAE9-FDEA-468D-9A91-C5075F927D39}.Release|Mixed Platforms.Build.0 = Release|Any CPU
		{C367EAE9-FDEA-468D-9A91-C5075F927D39}.Release|x86.ActiveCfg = Release|Any CPU
		{EC0BEE2D-5CA9-478C-B5C7-0270FB49207F}.Debug|Any CPU.ActiveCfg = Debug|Any CPU
		{EC0BEE2D-5CA9-478C-B5C7-0270FB49207F}.Debug|Any CPU.Build.0 = Debug|Any CPU
		{EC0BEE2D-5CA9-478C-B5C7-0270FB49207F}.Debug|Mixed Platforms.ActiveCfg = Debug|Any CPU
		{EC0BEE2D-5CA9-478C-B5C7-0270FB49207F}.Debug|Mixed Platforms.Build.0 = Debug|Any CPU
		{EC0BEE2D-5CA9-478C-B5C7-0270FB49207F}.Debug|x86.ActiveCfg = Debug|Any CPU
		{EC0BEE2D-5CA9-478C-B5C7-0270FB49207F}.Debug|x86.Build.0 = Debug|Any CPU
		{EC0BEE2D-5CA9-478C-B5C7-0270FB49207F}.Release|Any CPU.ActiveCfg = Release|Any CPU
		{EC0BEE2D-5CA9-478C-B5C7-0270FB49207F}.Release|Any CPU.Build.0 = Release|Any CPU
		{EC0BEE2D-5CA9-478C-B5C7-0270FB49207F}.Release|Mixed Platforms.ActiveCfg = Release|Any CPU
		{EC0BEE2D-5CA9-478C-B5C7-0270FB49207F}.Release|Mixed Platforms.Build.0 = Release|Any CPU
		{EC0BEE2D-5CA9-478C-B5C7-0270FB49207F}.Release|x86.ActiveCfg = Release|Any CPU
		{C744D17D-3132-4365-8C44-9D295D942597}.Debug|Any CPU.ActiveCfg = Debug|Any CPU
		{C744D17D-3132-4365-8C44-9D295D942597}.Debug|Any CPU.Build.0 = Debug|Any CPU
		{C744D17D-3132-4365-8C44-9D295D942597}.Debug|Mixed Platforms.ActiveCfg = Debug|Any CPU
		{C744D17D-3132-4365-8C44-9D295D942597}.Debug|Mixed Platforms.Build.0 = Debug|Any CPU
		{C744D17D-3132-4365-8C44-9D295D942597}.Debug|x86.ActiveCfg = Debug|Any CPU
		{C744D17D-3132-4365-8C44-9D295D942597}.Debug|x86.Build.0 = Debug|Any CPU
		{C744D17D-3132-4365-8C44-9D295D942597}.Release|Any CPU.ActiveCfg = Release|Any CPU
		{C744D17D-3132-4365-8C44-9D295D942597}.Release|Any CPU.Build.0 = Release|Any CPU
		{C744D17D-3132-4365-8C44-9D295D942597}.Release|Mixed Platforms.ActiveCfg = Release|Any CPU
		{C744D17D-3132-4365-8C44-9D295D942597}.Release|Mixed Platforms.Build.0 = Release|Any CPU
		{C744D17D-3132-4365-8C44-9D295D942597}.Release|x86.ActiveCfg = Release|Any CPU
		{BF9890A4-769A-406D-9AD0-0D9F5A7376A0}.Debug|Any CPU.ActiveCfg = Debug|Any CPU
		{BF9890A4-769A-406D-9AD0-0D9F5A7376A0}.Debug|Any CPU.Build.0 = Debug|Any CPU
		{BF9890A4-769A-406D-9AD0-0D9F5A7376A0}.Debug|Mixed Platforms.ActiveCfg = Debug|Any CPU
		{BF9890A4-769A-406D-9AD0-0D9F5A7376A0}.Debug|Mixed Platforms.Build.0 = Debug|Any CPU
		{BF9890A4-769A-406D-9AD0-0D9F5A7376A0}.Debug|x86.ActiveCfg = Debug|Any CPU
		{BF9890A4-769A-406D-9AD0-0D9F5A7376A0}.Debug|x86.Build.0 = Debug|Any CPU
		{BF9890A4-769A-406D-9AD0-0D9F5A7376A0}.Release|Any CPU.ActiveCfg = Release|Any CPU
		{BF9890A4-769A-406D-9AD0-0D9F5A7376A0}.Release|Any CPU.Build.0 = Release|Any CPU
		{BF9890A4-769A-406D-9AD0-0D9F5A7376A0}.Release|Mixed Platforms.ActiveCfg = Release|Any CPU
		{BF9890A4-769A-406D-9AD0-0D9F5A7376A0}.Release|Mixed Platforms.Build.0 = Release|Any CPU
		{BF9890A4-769A-406D-9AD0-0D9F5A7376A0}.Release|x86.ActiveCfg = Release|Any CPU
		{C74737DF-2306-4605-9D15-C4BF4ED6788C}.Debug|Any CPU.ActiveCfg = Debug|Any CPU
		{C74737DF-2306-4605-9D15-C4BF4ED6788C}.Debug|Any CPU.Build.0 = Debug|Any CPU
		{C74737DF-2306-4605-9D15-C4BF4ED6788C}.Debug|Mixed Platforms.ActiveCfg = Debug|x86
		{C74737DF-2306-4605-9D15-C4BF4ED6788C}.Debug|Mixed Platforms.Build.0 = Debug|x86
		{C74737DF-2306-4605-9D15-C4BF4ED6788C}.Debug|x86.ActiveCfg = Debug|x86
		{C74737DF-2306-4605-9D15-C4BF4ED6788C}.Debug|x86.Build.0 = Debug|x86
		{C74737DF-2306-4605-9D15-C4BF4ED6788C}.Release|Any CPU.ActiveCfg = Release|x86
		{C74737DF-2306-4605-9D15-C4BF4ED6788C}.Release|Any CPU.Build.0 = Release|x86
		{C74737DF-2306-4605-9D15-C4BF4ED6788C}.Release|Mixed Platforms.ActiveCfg = Release|x86
		{C74737DF-2306-4605-9D15-C4BF4ED6788C}.Release|Mixed Platforms.Build.0 = Release|x86
		{C74737DF-2306-4605-9D15-C4BF4ED6788C}.Release|x86.ActiveCfg = Release|x86
		{C74737DF-2306-4605-9D15-C4BF4ED6788C}.Release|x86.Build.0 = Release|x86
		{32D6AC6F-ED2F-4210-A3E8-359BE2F9F5C2}.Debug|Any CPU.ActiveCfg = Debug|Any CPU
		{32D6AC6F-ED2F-4210-A3E8-359BE2F9F5C2}.Debug|Any CPU.Build.0 = Debug|Any CPU
		{32D6AC6F-ED2F-4210-A3E8-359BE2F9F5C2}.Debug|Mixed Platforms.ActiveCfg = Debug|Any CPU
		{32D6AC6F-ED2F-4210-A3E8-359BE2F9F5C2}.Debug|Mixed Platforms.Build.0 = Debug|Any CPU
		{32D6AC6F-ED2F-4210-A3E8-359BE2F9F5C2}.Debug|x86.ActiveCfg = Debug|Any CPU
		{32D6AC6F-ED2F-4210-A3E8-359BE2F9F5C2}.Debug|x86.Build.0 = Debug|Any CPU
		{32D6AC6F-ED2F-4210-A3E8-359BE2F9F5C2}.Release|Any CPU.ActiveCfg = Release|Any CPU
		{32D6AC6F-ED2F-4210-A3E8-359BE2F9F5C2}.Release|Any CPU.Build.0 = Release|Any CPU
		{32D6AC6F-ED2F-4210-A3E8-359BE2F9F5C2}.Release|Mixed Platforms.ActiveCfg = Release|Any CPU
		{32D6AC6F-ED2F-4210-A3E8-359BE2F9F5C2}.Release|Mixed Platforms.Build.0 = Release|Any CPU
		{32D6AC6F-ED2F-4210-A3E8-359BE2F9F5C2}.Release|x86.ActiveCfg = Release|Any CPU
		{C042F97C-0904-46AB-B37C-51AC6A5BA5F2}.Debug|Any CPU.ActiveCfg = Debug|Any CPU
		{C042F97C-0904-46AB-B37C-51AC6A5BA5F2}.Debug|Any CPU.Build.0 = Debug|Any CPU
		{C042F97C-0904-46AB-B37C-51AC6A5BA5F2}.Debug|Mixed Platforms.ActiveCfg = Debug|x86
		{C042F97C-0904-46AB-B37C-51AC6A5BA5F2}.Debug|Mixed Platforms.Build.0 = Debug|x86
		{C042F97C-0904-46AB-B37C-51AC6A5BA5F2}.Debug|x86.ActiveCfg = Debug|x86
		{C042F97C-0904-46AB-B37C-51AC6A5BA5F2}.Debug|x86.Build.0 = Debug|x86
		{C042F97C-0904-46AB-B37C-51AC6A5BA5F2}.Release|Any CPU.ActiveCfg = Release|x86
		{C042F97C-0904-46AB-B37C-51AC6A5BA5F2}.Release|Any CPU.Build.0 = Release|x86
		{C042F97C-0904-46AB-B37C-51AC6A5BA5F2}.Release|Mixed Platforms.ActiveCfg = Release|x86
		{C042F97C-0904-46AB-B37C-51AC6A5BA5F2}.Release|Mixed Platforms.Build.0 = Release|x86
		{C042F97C-0904-46AB-B37C-51AC6A5BA5F2}.Release|x86.ActiveCfg = Release|x86
		{C042F97C-0904-46AB-B37C-51AC6A5BA5F2}.Release|x86.Build.0 = Release|x86
		{BC8EB514-1139-458E-8AD9-B8D674845C60}.Debug|Any CPU.ActiveCfg = Debug|x86
		{BC8EB514-1139-458E-8AD9-B8D674845C60}.Debug|Mixed Platforms.ActiveCfg = Debug|x86
		{BC8EB514-1139-458E-8AD9-B8D674845C60}.Debug|Mixed Platforms.Build.0 = Debug|x86
		{BC8EB514-1139-458E-8AD9-B8D674845C60}.Debug|x86.ActiveCfg = Debug|x86
		{BC8EB514-1139-458E-8AD9-B8D674845C60}.Debug|x86.Build.0 = Debug|x86
		{BC8EB514-1139-458E-8AD9-B8D674845C60}.Release|Any CPU.ActiveCfg = Release|x86
		{BC8EB514-1139-458E-8AD9-B8D674845C60}.Release|Mixed Platforms.ActiveCfg = Release|x86
		{BC8EB514-1139-458E-8AD9-B8D674845C60}.Release|Mixed Platforms.Build.0 = Release|x86
		{BC8EB514-1139-458E-8AD9-B8D674845C60}.Release|x86.ActiveCfg = Release|x86
		{BC8EB514-1139-458E-8AD9-B8D674845C60}.Release|x86.Build.0 = Release|x86
		{1B56DDD9-DF71-49B7-A97E-E65C0185781C}.Debug|Any CPU.ActiveCfg = Debug|Any CPU
		{1B56DDD9-DF71-49B7-A97E-E65C0185781C}.Debug|Any CPU.Build.0 = Debug|Any CPU
		{1B56DDD9-DF71-49B7-A97E-E65C0185781C}.Debug|Mixed Platforms.ActiveCfg = Debug|Any CPU
		{1B56DDD9-DF71-49B7-A97E-E65C0185781C}.Debug|Mixed Platforms.Build.0 = Debug|Any CPU
		{1B56DDD9-DF71-49B7-A97E-E65C0185781C}.Debug|x86.ActiveCfg = Debug|Any CPU
		{1B56DDD9-DF71-49B7-A97E-E65C0185781C}.Release|Any CPU.ActiveCfg = Release|Any CPU
		{1B56DDD9-DF71-49B7-A97E-E65C0185781C}.Release|Any CPU.Build.0 = Release|Any CPU
		{1B56DDD9-DF71-49B7-A97E-E65C0185781C}.Release|Mixed Platforms.ActiveCfg = Release|Any CPU
		{1B56DDD9-DF71-49B7-A97E-E65C0185781C}.Release|Mixed Platforms.Build.0 = Release|Any CPU
		{1B56DDD9-DF71-49B7-A97E-E65C0185781C}.Release|x86.ActiveCfg = Release|Any CPU
		{12D3D3B3-4176-4FA8-BA6E-502FFF896341}.Debug|Any CPU.ActiveCfg = Debug|Any CPU
		{12D3D3B3-4176-4FA8-BA6E-502FFF896341}.Debug|Any CPU.Build.0 = Debug|Any CPU
		{12D3D3B3-4176-4FA8-BA6E-502FFF896341}.Debug|Mixed Platforms.ActiveCfg = Debug|Any CPU
		{12D3D3B3-4176-4FA8-BA6E-502FFF896341}.Debug|Mixed Platforms.Build.0 = Debug|Any CPU
		{12D3D3B3-4176-4FA8-BA6E-502FFF896341}.Debug|x86.ActiveCfg = Debug|Any CPU
		{12D3D3B3-4176-4FA8-BA6E-502FFF896341}.Release|Any CPU.ActiveCfg = Release|Any CPU
		{12D3D3B3-4176-4FA8-BA6E-502FFF896341}.Release|Any CPU.Build.0 = Release|Any CPU
		{12D3D3B3-4176-4FA8-BA6E-502FFF896341}.Release|Mixed Platforms.ActiveCfg = Release|Any CPU
		{12D3D3B3-4176-4FA8-BA6E-502FFF896341}.Release|Mixed Platforms.Build.0 = Release|Any CPU
		{12D3D3B3-4176-4FA8-BA6E-502FFF896341}.Release|x86.ActiveCfg = Release|Any CPU
	EndGlobalSection
	GlobalSection(SolutionProperties) = preSolution
		HideSolutionNode = FALSE
	EndGlobalSection
EndGlobal
